
Microsoft Visual Studio Solution File, Format Version 11.00
# Visual Studio 2010
Project("{8BC9CEB8-8B4A-11D0-8D11-00A0C91BC942}") = "interface_ad", "interface_ad\interface_ad.vcxproj", "{F7C81D1A-79B1-400E-B831-D80D406077A2}"
EndProject
Project("{8BC9CEB8-8B4A-11D0-8D11-00A0C91BC942}") = "interface_form", "interface_form\interface_form.vcxproj", "{F116F5E9-06CD-47F9-AB9B-E4525FF40D32}"
EndProject
Global
	GlobalSection(SolutionConfigurationPlatforms) = preSolution
		Debug|Win32 = Debug|Win32
		Release|Win32 = Release|Win32
	EndGlobalSection
	GlobalSection(ProjectConfigurationPlatforms) = postSolution
		{F7C81D1A-79B1-400E-B831-D80D406077A2}.Debug|Win32.ActiveCfg = Debug|Win32
		{F7C81D1A-79B1-400E-B831-D80D406077A2}.Debug|Win32.Build.0 = Debug|Win32
		{F7C81D1A-79B1-400E-B831-D80D406077A2}.Release|Win32.ActiveCfg = Release|Win32
		{F7C81D1A-79B1-400E-B831-D80D406077A2}.Release|Win32.Build.0 = Release|Win32
		{F116F5E9-06CD-47F9-AB9B-E4525FF40D32}.Debug|Win32.ActiveCfg = Debug|Win32
		{F116F5E9-06CD-47F9-AB9B-E4525FF40D32}.Debug|Win32.Build.0 = Debug|Win32
		{F116F5E9-06CD-47F9-AB9B-E4525FF40D32}.Release|Win32.ActiveCfg = Release|Win32
		{F116F5E9-06CD-47F9-AB9B-E4525FF40D32}.Release|Win32.Build.0 = Release|Win32
	EndGlobalSection
	GlobalSection(SolutionProperties) = preSolution
		HideSolutionNode = FALSE
	EndGlobalSection
EndGlobal
